
Microsoft Visual Studio Solution File, Format Version 12.00
# Visual Studio 15
VisualStudioVersion = 15.0.28307.572
MinimumVisualStudioVersion = 10.0.40219.1
Project("{FAE04EC0-301F-11D3-BF4B-00C04F79EFBC}") = "TestOnline", "TestOnline\TestOnline.csproj", "{7BB29779-AC1E-4ECC-BAE5-537433FD0457}"
EndProject
Global
	GlobalSection(SolutionConfigurationPlatforms) = preSolution
		Debug|Any CPU = Debug|Any CPU
		Release|Any CPU = Release|Any CPU
	EndGlobalSection
	GlobalSection(ProjectConfigurationPlatforms) = postSolution
		{7BB29779-AC1E-4ECC-BAE5-537433FD0457}.Debug|Any CPU.ActiveCfg = Debug|Any CPU
		{7BB29779-AC1E-4ECC-BAE5-537433FD0457}.Debug|Any CPU.Build.0 = Debug|Any CPU
		{7BB29779-AC1E-4ECC-BAE5-537433FD0457}.Release|Any CPU.ActiveCfg = Release|Any CPU
		{7BB29779-AC1E-4ECC-BAE5-537433FD0457}.Release|Any CPU.Build.0 = Release|Any CPU
	EndGlobalSection
	GlobalSection(SolutionProperties) = preSolution
		HideSolutionNode = FALSE
	EndGlobalSection
	GlobalSection(ExtensibilityGlobals) = postSolution
		SolutionGuid = {BB572988-E646-4B5C-9D12-268EFDA68308}
	EndGlobalSection
EndGlobal
