
Microsoft Visual Studio Solution File, Format Version 12.00
# Visual Studio 15
VisualStudioVersion = 15.0.28307.572
MinimumVisualStudioVersion = 10.0.40219.1
Project("{9A19103F-16F7-4668-BE54-9A1E7A4F7556}") = "TestOnline", "TestOnline\TestOnline.csproj", "{7BB29779-AC1E-4ECC-BAE5-537433FD0457}"
EndProject
Project("{9A19103F-16F7-4668-BE54-9A1E7A4F7556}") = "TestOnlineBusiness", "TestOnlineBusiness\TestOnlineBusiness.csproj", "{73EC72E7-FAFF-450C-8158-7BFD1BF6EF00}"
EndProject
Project("{9A19103F-16F7-4668-BE54-9A1E7A4F7556}") = "TestOnlineEntity", "TestOnlineEntity\TestOnlineEntity.csproj", "{8857B5D1-3B5C-4A60-BD00-8AC079534B95}"
EndProject
Project("{9A19103F-16F7-4668-BE54-9A1E7A4F7556}") = "TestOnlineModel", "TestOnlineModel\TestOnlineModel.csproj", "{07A98022-836F-416B-88B8-2803F09999F1}"
EndProject
Project("{9A19103F-16F7-4668-BE54-9A1E7A4F7556}") = "TestOnlineShared", "TestOnlineShared\TestOnlineShared.csproj", "{50DFDB44-2F13-452C-8C52-1FC893093899}"
EndProject
Project("{9A19103F-16F7-4668-BE54-9A1E7A4F7556}") = "TestOnlineBase", "TestOnlineBase\TestOnlineBase.csproj", "{4B6AE41B-000F-456D-B368-19B90F84584A}"
EndProject
Project("{FAE04EC0-301F-11D3-BF4B-00C04F79EFBC}") = "TestOnlineUI", "TestOnlineUI\TestOnlineUI.csproj", "{606D63FC-CA07-458E-A542-69EA19EA9819}"
EndProject
Global
	GlobalSection(SolutionConfigurationPlatforms) = preSolution
		Debug|Any CPU = Debug|Any CPU
		Release|Any CPU = Release|Any CPU
	EndGlobalSection
	GlobalSection(ProjectConfigurationPlatforms) = postSolution
		{7BB29779-AC1E-4ECC-BAE5-537433FD0457}.Debug|Any CPU.ActiveCfg = Debug|Any CPU
		{7BB29779-AC1E-4ECC-BAE5-537433FD0457}.Debug|Any CPU.Build.0 = Debug|Any CPU
		{7BB29779-AC1E-4ECC-BAE5-537433FD0457}.Release|Any CPU.ActiveCfg = Release|Any CPU
		{7BB29779-AC1E-4ECC-BAE5-537433FD0457}.Release|Any CPU.Build.0 = Release|Any CPU
		{73EC72E7-FAFF-450C-8158-7BFD1BF6EF00}.Debug|Any CPU.ActiveCfg = Debug|Any CPU
		{73EC72E7-FAFF-450C-8158-7BFD1BF6EF00}.Debug|Any CPU.Build.0 = Debug|Any CPU
		{73EC72E7-FAFF-450C-8158-7BFD1BF6EF00}.Release|Any CPU.ActiveCfg = Release|Any CPU
		{73EC72E7-FAFF-450C-8158-7BFD1BF6EF00}.Release|Any CPU.Build.0 = Release|Any CPU
		{8857B5D1-3B5C-4A60-BD00-8AC079534B95}.Debug|Any CPU.ActiveCfg = Debug|Any CPU
		{8857B5D1-3B5C-4A60-BD00-8AC079534B95}.Debug|Any CPU.Build.0 = Debug|Any CPU
		{8857B5D1-3B5C-4A60-BD00-8AC079534B95}.Release|Any CPU.ActiveCfg = Release|Any CPU
		{8857B5D1-3B5C-4A60-BD00-8AC079534B95}.Release|Any CPU.Build.0 = Release|Any CPU
		{07A98022-836F-416B-88B8-2803F09999F1}.Debug|Any CPU.ActiveCfg = Debug|Any CPU
		{07A98022-836F-416B-88B8-2803F09999F1}.Debug|Any CPU.Build.0 = Debug|Any CPU
		{07A98022-836F-416B-88B8-2803F09999F1}.Release|Any CPU.ActiveCfg = Release|Any CPU
		{07A98022-836F-416B-88B8-2803F09999F1}.Release|Any CPU.Build.0 = Release|Any CPU
		{50DFDB44-2F13-452C-8C52-1FC893093899}.Debug|Any CPU.ActiveCfg = Debug|Any CPU
		{50DFDB44-2F13-452C-8C52-1FC893093899}.Debug|Any CPU.Build.0 = Debug|Any CPU
		{50DFDB44-2F13-452C-8C52-1FC893093899}.Release|Any CPU.ActiveCfg = Release|Any CPU
		{50DFDB44-2F13-452C-8C52-1FC893093899}.Release|Any CPU.Build.0 = Release|Any CPU
		{4B6AE41B-000F-456D-B368-19B90F84584A}.Debug|Any CPU.ActiveCfg = Debug|Any CPU
		{4B6AE41B-000F-456D-B368-19B90F84584A}.Debug|Any CPU.Build.0 = Debug|Any CPU
		{4B6AE41B-000F-456D-B368-19B90F84584A}.Release|Any CPU.ActiveCfg = Release|Any CPU
		{4B6AE41B-000F-456D-B368-19B90F84584A}.Release|Any CPU.Build.0 = Release|Any CPU
		{606D63FC-CA07-458E-A542-69EA19EA9819}.Debug|Any CPU.ActiveCfg = Debug|Any CPU
		{606D63FC-CA07-458E-A542-69EA19EA9819}.Debug|Any CPU.Build.0 = Debug|Any CPU
		{606D63FC-CA07-458E-A542-69EA19EA9819}.Release|Any CPU.ActiveCfg = Release|Any CPU
		{606D63FC-CA07-458E-A542-69EA19EA9819}.Release|Any CPU.Build.0 = Release|Any CPU
	EndGlobalSection
	GlobalSection(SolutionProperties) = preSolution
		HideSolutionNode = FALSE
	EndGlobalSection
	GlobalSection(ExtensibilityGlobals) = postSolution
		SolutionGuid = {BB572988-E646-4B5C-9D12-268EFDA68308}
	EndGlobalSection
EndGlobal
